
Microsoft Visual Studio Solution File, Format Version 12.00
# Visual Studio Version 16
VisualStudioVersion = 16.0.30503.244
MinimumVisualStudioVersion = 10.0.40219.1
Project("{FAE04EC0-301F-11D3-BF4B-00C04F79EFBC}") = "WebApplication2", "WebApplication2\WebApplication2.csproj", "{C1662A52-825D-462F-9DD4-FC26248A260D}"
EndProject
Global
	GlobalSection(SolutionConfigurationPlatforms) = preSolution
		Debug|Any CPU = Debug|Any CPU
		Release|Any CPU = Release|Any CPU
	EndGlobalSection
	GlobalSection(ProjectConfigurationPlatforms) = postSolution
		{C1662A52-825D-462F-9DD4-FC26248A260D}.Debug|Any CPU.ActiveCfg = Debug|Any CPU
		{C1662A52-825D-462F-9DD4-FC26248A260D}.Debug|Any CPU.Build.0 = Debug|Any CPU
		{C1662A52-825D-462F-9DD4-FC26248A260D}.Release|Any CPU.ActiveCfg = Release|Any CPU
		{C1662A52-825D-462F-9DD4-FC26248A260D}.Release|Any CPU.Build.0 = Release|Any CPU
	EndGlobalSection
	GlobalSection(SolutionProperties) = preSolution
		HideSolutionNode = FALSE
	EndGlobalSection
	GlobalSection(ExtensibilityGlobals) = postSolution
		SolutionGuid = {CAA520FB-EBB9-48A0-9461-F4174FBB42E5}
	EndGlobalSection
EndGlobal
